// !$*UTF8*$!
{
	archiveVersion = 1;
	classes = {
	};
	objectVersion = 46;
	objects = {

/* Begin PBXBuildFile section */
		A181D85D1DF8F01C00E62FA6 /* AppDelegate.swift in Sources */ = {isa = PBXBuildFile; fileRef = A181D85C1DF8F01C00E62FA6 /* AppDelegate.swift */; };
		A181D85F1DF8F01C00E62FA6 /* ViewController.swift in Sources */ = {isa = PBXBuildFile; fileRef = A181D85E1DF8F01C00E62FA6 /* ViewController.swift */; };
		A181D8621DF8F01C00E62FA6 /* Main.storyboard in Resources */ = {isa = PBXBuildFile; fileRef = A181D8601DF8F01C00E62FA6 /* Main.storyboard */; };
		A181D8641DF8F01C00E62FA6 /* Assets.xcassets in Resources */ = {isa = PBXBuildFile; fileRef = A181D8631DF8F01C00E62FA6 /* Assets.xcassets */; };
		A181D8671DF8F01C00E62FA6 /* LaunchScreen.storyboard in Resources */ = {isa = PBXBuildFile; fileRef = A181D8651DF8F01C00E62FA6 /* LaunchScreen.storyboard */; };
/* End PBXBuildFile section */

/* Begin PBXFileReference section */
		A181D8591DF8F01C00E62FA6 /* afnetworking.app */ = {isa = PBXFileReference; explicitFileType = wrapper.application; includeInIndex = 0; path = afnetworking.app; sourceTree = BUILT_PRODUCTS_DIR; };
		A181D85C1DF8F01C00E62FA6 /* AppDelegate.swift */ = {isa = PBXFileReference; lastKnownFileType = sourcecode.swift; path = AppDelegate.swift; sourceTree = "<group>"; };
		A181D85E1DF8F01C00E62FA6 /* ViewController.swift */ = {isa = PBXFileReference; lastKnownFileType = sourcecode.swift; path = ViewController.swift; sourceTree = "<group>"; };
		A181D8611DF8F01C00E62FA6 /* Base */ = {isa = PBXFileReference; lastKnownFileType = file.storyboard; name = Base; path = Base.lproj/Main.storyboard; sourceTree = "<group>"; };
		A181D8631DF8F01C00E62FA6 /* Assets.xcassets */ = {isa = PBXFileReference; lastKnownFileType = folder.assetcatalog; path = Assets.xcassets; sourceTree = "<group>"; };
		A181D8661DF8F01C00E62FA6 /* Base */ = {isa = PBXFileReference; lastKnownFileType = file.storyboard; name = Base; path = Base.lproj/LaunchScreen.storyboard; sourceTree = "<group>"; };
		A181D8681DF8F01C00E62FA6 /* Info.plist */ = {isa = PBXFileReference; lastKnownFileType = text.plist.xml; path = Info.plist; sourceTree = "<group>"; };
/* End PBXFileReference section */

/* Begin PBXFrameworksBuildPhase section */
		A181D8561DF8F01C00E62FA6 /* Frameworks */ = {
			isa = PBXFrameworksBuildPhase;
			buildActionMask = 2147483647;
			files = (
			);
			runOnlyForDeploymentPostprocessing = 0;
		};
/* End PBXFrameworksBuildPhase section */

/* Begin PBXGroup section */
		A181D8501DF8F01C00E62FA6 = {
			isa = PBXGroup;
			children = (
				A181D85B1DF8F01C00E62FA6 /* afnetworking */,
				A181D85A1DF8F01C00E62FA6 /* Products */,
			);
			sourceTree = "<group>";
		};
		A181D85A1DF8F01C00E62FA6 /* Products */ = {
			isa = PBXGroup;
			children = (
				A181D8591DF8F01C00E62FA6 /* afnetworking.app */,
			);
			name = Products;
			sourceTree = "<group>";
		};
		A181D85B1DF8F01C00E62FA6 /* afnetworking */ = {
			isa = PBXGroup;
			children = (
				A181D85C1DF8F01C00E62FA6 /* AppDelegate.swift */,
				A181D85E1DF8F01C00E62FA6 /* ViewController.swift */,
				A181D8601DF8F01C00E62FA6 /* Main.storyboard */,
				A181D8631DF8F01C00E62FA6 /* Assets.xcassets */,
				A181D8651DF8F01C00E62FA6 /* LaunchScreen.storyboard */,
				A181D8681DF8F01C00E62FA6 /* Info.plist */,
			);
			path = afnetworking;
			sourceTree = "<group>";
		};
/* End PBXGroup section */

/* Begin PBXNativeTarget section */
		A181D8581DF8F01C00E62FA6 /* afnetworking */ = {
			isa = PBXNativeTarget;
			buildConfigurationList = A181D86B1DF8F01C00E62FA6 /* Build configuration list for PBXNativeTarget "afnetworking" */;
			buildPhases = (
				A181D8551DF8F01C00E62FA6 /* Sources */,
				A181D8561DF8F01C00E62FA6 /* Frameworks */,
				A181D8571DF8F01C00E62FA6 /* Resources */,
			);
			buildRules = (
			);
			dependencies = (
			);
			name = afnetworking;
			productName = afnetworking;
			productReference = A181D8591DF8F01C00E62FA6 /* afnetworking.app */;
			productType = "com.apple.product-type.application";
		};
/* End PBXNativeTarget section */

/* Begin PBXProject section */
		A181D8511DF8F01C00E62FA6 /* Project object */ = {
			isa = PBXProject;
			attributes = {
				LastSwiftUpdateCheck = 0810;
				LastUpgradeCheck = 0810;
				ORGANIZATIONNAME = espiralapp.com;
				TargetAttributes = {
					A181D8581DF8F01C00E62FA6 = {
						CreatedOnToolsVersion = 8.1;
						DevelopmentTeam = Q8G6G2D458;
						ProvisioningStyle = Automatic;
					};
				};
			};
			buildConfigurationList = A181D8541DF8F01C00E62FA6 /* Build configuration list for PBXProject "afnetworking" */;
			compatibilityVersion = "Xcode 3.2";
			developmentRegion = English;
			hasScannedForEncodings = 0;
			knownRegions = (
				en,
				Base,
			);
			mainGroup = A181D8501DF8F01C00E62FA6;
			productRefGroup = A181D85A1DF8F01C00E62FA6 /* Products */;
			projectDirPath = "";
			projectRoot = "";
			targets = (
				A181D8581DF8F01C00E62FA6 /* afnetworking */,
			);
		};
/* End PBXProject section */

/* Begin PBXResourcesBuildPhase section */
		A181D8571DF8F01C00E62FA6 /* Resources */ = {
			isa = PBXResourcesBuildPhase;
			buildActionMask = 2147483647;
			files = (
				A181D8671DF8F01C00E62FA6 /* LaunchScreen.storyboard in Resources */,
				A181D8641DF8F01C00E62FA6 /* Assets.xcassets in Resources */,
				A181D8621DF8F01C00E62FA6 /* Main.storyboard in Resources */,
			);
			runOnlyForDeploymentPostprocessing = 0;
		};
/* End PBXResourcesBuildPhase section */

/* Begin PBXSourcesBuildPhase section */
		A181D8551DF8F01C00E62FA6 /* Sources */ = {
			isa = PBXSourcesBuildPhase;
			buildActionMask = 2147483647;
			files = (
				A181D85F1DF8F01C00E62FA6 /* ViewController.swift in Sources */,
				A181D85D1DF8F01C00E62FA6 /* AppDelegate.swift in Sources */,
			);
			runOnlyForDeploymentPostprocessing = 0;
		};
/* End PBXSourcesBuildPhase section */

/* Begin PBXVariantGroup section */
		A181D8601DF8F01C00E62FA6 /* Main.storyboard */ = {
			isa = PBXVariantGroup;
			children = (
				A181D8611DF8F01C00E62FA6 /* Base */,
			);
			name = Main.storyboard;
			sourceTree = "<group>";
		};
		A181D8651DF8F01C00E62FA6 /* LaunchScreen.storyboard */ = {
			isa = PBXVariantGroup;
			children = (
				A181D8661DF8F01C00E62FA6 /* Base */,
			);
			name = LaunchScreen.storyboard;
			sourceTree = "<group>";
		};
/* End PBXVariantGroup section */

/* Begin XCBuildConfiguration section */
		A181D8691DF8F01C00E62FA6 /* Debug */ = {
			isa = XCBuildConfiguration;
			buildSettings = {
				ALWAYS_SEARCH_USER_PATHS = NO;
				CLANG_ANALYZER_NONNULL = YES;
				CLANG_CXX_LANGUAGE_STANDARD = "gnu++0x";
				CLANG_CXX_LIBRARY = "libc++";
				CLANG_ENABLE_MODULES = YES;
				CLANG_ENABLE_OBJC_ARC = YES;
				CLANG_WARN_BOOL_CONVERSION = YES;
				CLANG_WARN_CONSTANT_CONVERSION = YES;
				CLANG_WARN_DIRECT_OBJC_ISA_USAGE = YES_ERROR;
				CLANG_WARN_DOCUMENTATION_COMMENTS = YES;
				CLANG_WARN_EMPTY_BODY = YES;
				CLANG_WARN_ENUM_CONVERSION = YES;
				CLANG_WARN_INFINITE_RECURSION = YES;
				CLANG_WARN_INT_CONVERSION = YES;
				CLANG_WARN_OBJC_ROOT_CLASS = YES_ERROR;
				CLANG_WARN_SUSPICIOUS_MOVES = YES;
				CLANG_WARN_UNREACHABLE_CODE = YES;
				CLANG_WARN__DUPLICATE_METHOD_MATCH = YES;
				"CODE_SIGN_IDENTITY[sdk=iphoneos*]" = "iPhone Developer";
				COPY_PHASE_STRIP = NO;
				DEBUG_INFORMATION_FORMAT = dwarf;
				ENABLE_STRICT_OBJC_MSGSEND = YES;
				ENABLE_TESTABILITY = YES;
				GCC_C_LANGUAGE_STANDARD = gnu99;
				GCC_DYNAMIC_NO_PIC = NO;
				GCC_NO_COMMON_BLOCKS = YES;
				GCC_OPTIMIZATION_LEVEL = 0;
				GCC_PREPROCESSOR_DEFINITIONS = (
					"DEBUG=1",
					"$(inherited)",
				);
				GCC_WARN_64_TO_32_BIT_CONVERSION = YES;
				GCC_WARN_ABOUT_RETURN_TYPE = YES_ERROR;
				GCC_WARN_UNDECLARED_SELECTOR = YES;
				GCC_WARN_UNINITIALIZED_AUTOS = YES_AGGRESSIVE;
				GCC_WARN_UNUSED_FUNCTION = YES;
				GCC_WARN_UNUSED_VARIABLE = YES;
				IPHONEOS_DEPLOYMENT_TARGET = 10.1;
				MTL_ENABLE_DEBUG_INFO = YES;
				ONLY_ACTIVE_ARCH = YES;
				SDKROOT = iphoneos;
				SWIFT_ACTIVE_COMPILATION_CONDITIONS = DEBUG;
				SWIFT_OPTIMIZATION_LEVEL = "-Onone";
				TARGETED_DEVICE_FAMILY = "1,2";
			};
			name = Debug;
		};
		A181D86A1DF8F01C00E62FA6 /* Release */ = {
			isa = XCBuildConfiguration;
			buildSettings = {
				ALWAYS_SEARCH_USER_PATHS = NO;
				CLANG_ANALYZER_NONNULL = YES;
				CLANG_CXX_LANGUAGE_STANDARD = "gnu++0x";
				CLANG_CXX_LIBRARY = "libc++";
				CLANG_ENABLE_MODULES = YES;
				CLANG_ENABLE_OBJC_ARC = YES;
				CLANG_WARN_BOOL_CONVERSION = YES;
				CLANG_WARN_CONSTANT_CONVERSION = YES;
				CLANG_WARN_DIRECT_OBJC_ISA_USAGE = YES_ERROR;
				CLANG_WARN_DOCUMENTATION_COMMENTS = YES;
				CLANG_WARN_EMPTY_BODY = YES;
				CLANG_WARN_ENUM_CONVERSION = YES;
				CLANG_WARN_INFINITE_RECURSION = YES;
				CLANG_WARN_INT_CONVERSION = YES;
				CLANG_WARN_OBJC_ROOT_CLASS = YES_ERROR;
				CLANG_WARN_SUSPICIOUS_MOVES = YES;
				CLANG_WARN_UNREACHABLE_CODE = YES;
				CLANG_WARN__DUPLICATE_METHOD_MATCH = YES;
				"CODE_SIGN_IDENTITY[sdk=iphoneos*]" = "iPhone Developer";
				COPY_PHASE_STRIP = NO;
				DEBUG_INFORMATION_FORMAT = "dwarf-with-dsym";
				ENABLE_NS_ASSERTIONS = NO;
				ENABLE_STRICT_OBJC_MSGSEND = YES;
				GCC_C_LANGUAGE_STANDARD = gnu99;
				GCC_NO_COMMON_BLOCKS = YES;
				GCC_WARN_64_TO_32_BIT_CONVERSION = YES;
				GCC_WARN_ABOUT_RETURN_TYPE = YES_ERROR;
				GCC_WARN_UNDECLARED_SELECTOR = YES;
				GCC_WARN_UNINITIALIZED_AUTOS = YES_AGGRESSIVE;
				GCC_WARN_UNUSED_FUNCTION = YES;
				GCC_WARN_UNUSED_VARIABLE = YES;
				IPHONEOS_DEPLOYMENT_TARGET = 10.1;
				MTL_ENABLE_DEBUG_INFO = NO;
				SDKROOT = iphoneos;
				SWIFT_OPTIMIZATION_LEVEL = "-Owholemodule";
				TARGETED_DEVICE_FAMILY = "1,2";
				VALIDATE_PRODUCT = YES;
			};
			name = Release;
		};
		A181D86C1DF8F01C00E62FA6 /* Debug */ = {
			isa = XCBuildConfiguration;
			buildSettings = {
				ASSETCATALOG_COMPILER_APPICON_NAME = AppIcon;
				DEVELOPMENT_TEAM = Q8G6G2D458;
				INFOPLIST_FILE = afnetworking/Info.plist;
				LD_RUNPATH_SEARCH_PATHS = "$(inherited) @executable_path/Frameworks";
				PRODUCT_BUNDLE_IDENTIFIER = com.espiralapp.demo.afnetworking;
				PRODUCT_NAME = "$(TARGET_NAME)";
				SWIFT_VERSION = 3.0;
			};
			name = Debug;
		};
		A181D86D1DF8F01C00E62FA6 /* Release */ = {
			isa = XCBuildConfiguration;
			buildSettings = {
				ASSETCATALOG_COMPILER_APPICON_NAME = AppIcon;
				DEVELOPMENT_TEAM = Q8G6G2D458;
				INFOPLIST_FILE = afnetworking/Info.plist;
				LD_RUNPATH_SEARCH_PATHS = "$(inherited) @executable_path/Frameworks";
				PRODUCT_BUNDLE_IDENTIFIER = com.espiralapp.demo.afnetworking;
				PRODUCT_NAME = "$(TARGET_NAME)";
				SWIFT_VERSION = 3.0;
			};
			name = Release;
		};
/* End XCBuildConfiguration section */

/* Begin XCConfigurationList section */
		A181D8541DF8F01C00E62FA6 /* Build configuration list for PBXProject "afnetworking" */ = {
			isa = XCConfigurationList;
			buildConfigurations = (
				A181D8691DF8F01C00E62FA6 /* Debug */,
				A181D86A1DF8F01C00E62FA6 /* Release */,
			);
			defaultConfigurationIsVisible = 0;
			defaultConfigurationName = Release;
		};
		A181D86B1DF8F01C00E62FA6 /* Build configuration list for PBXNativeTarget "afnetworking" */ = {
			isa = XCConfigurationList;
			buildConfigurations = (
				A181D86C1DF8F01C00E62FA6 /* Debug */,
				A181D86D1DF8F01C00E62FA6 /* Release */,
			);
			defaultConfigurationIsVisible = 0;
		};
/* End XCConfigurationList section */
	};
	rootObject = A181D8511DF8F01C00E62FA6 /* Project object */;
}
